<?xml version="1.0" encoding="utf-8"?>
<Project ToolsVersion="4.0" xmlns="http://schemas.microsoft.com/developer/msbuild/2003">
  <ItemGroup>
    <Filter Include="Исходные файлы">
      <UniqueIdentifier>{4FC737F1-C7A5-4376-A066-2A32D752A2FF}</UniqueIdentifier>
      <Extensions>cpp;c;cc;cxx;c++;cppm;ixx;def;odl;idl;hpj;bat;asm;asmx</Extensions>
    </Filter>
    <Filter Include="Файлы заголовков">
      <UniqueIdentifier>{93995380-89BD-4b04-88EB-625FBE52EBFB}</UniqueIdentifier>
      <Extensions>h;hh;hpp;hxx;h++;hm;inl;inc;ipp;xsd</Extensions>
    </Filter>
    <Filter Include="Файлы заголовков\test">
      <UniqueIdentifier>{a3235635-6bd6-4f7b-8824-1b8b7077115f}</UniqueIdentifier>
    </Filter>
    <Filter Include="Исходные файлы\test">
      <UniqueIdentifier>{b091901e-ced4-4fad-854b-c1001130b285}</UniqueIdentifier>
    </Filter>
    <Filter Include="Polygons">
      <UniqueIdentifier>{a6c3638a-dc03-45ac-9c7a-4dfc38c21cff}</UniqueIdentifier>
    </Filter>
  </ItemGroup>
  <ItemGroup>
    <ClCompile Include="main.cpp">
      <Filter>Исходные файлы</Filter>
    </ClCompile>
    <ClCompile Include="src\Point.cpp">
      <Filter>Исходные файлы</Filter>
    </ClCompile>
    <ClCompile Include="src\ConvexPolygon.cpp">
      <Filter>Исходные файлы</Filter>
    </ClCompile>
    <ClCompile Include="test\Tester.cpp">
      <Filter>Исходные файлы\test</Filter>
    </ClCompile>
  </ItemGroup>
  <ItemGroup>
    <ClInclude Include="include\ConvexPolygon.h">
      <Filter>Файлы заголовков</Filter>
    </ClInclude>
    <ClInclude Include="include\Point.h">
      <Filter>Файлы заголовков</Filter>
    </ClInclude>
    <ClInclude Include="test\Tester.h">
      <Filter>Файлы заголовков\test</Filter>
    </ClInclude>
  </ItemGroup>
  <ItemGroup>
    <None Include="polygons\polygonTriRight.txt">
      <Filter>Polygons</Filter>
    </None>
    <None Include="polygons\polygonTriLeft.txt">
      <Filter>Polygons</Filter>
    </None>
    <None Include="polygons\polygonSqRight.txt">
      <Filter>Polygons</Filter>
    </None>
    <None Include="polygons\polygonSqLeft.txt">
      <Filter>Polygons</Filter>
    </None>
    <None Include="test\polygonSq2Left.txt">
      <Filter>Polygons</Filter>
    </None>
    <None Include="polygons\polygonTri.txt">
      <Filter>Polygons</Filter>
    </None>
    <None Include="polygons\hexagon1.txt">
      <Filter>Polygons</Filter>
    </None>
    <None Include="polygons\polygon5.txt">
      <Filter>Polygons</Filter>
    </None>
    <None Include="polygons\polygon7down.txt">
      <Filter>Polygons</Filter>
    </None>
    <None Include="polygons\polygon7up.txt">
      <Filter>Polygons</Filter>
    </None>
    <None Include="polygons\polygonSq.txt">
      <Filter>Polygons</Filter>
    </None>
    <None Include="test\polygonSq2Right.txt">
      <Filter>Polygons</Filter>
    </None>
    <None Include="polygons\testpolygon1.txt">
      <Filter>Polygons</Filter>
    </None>
    <None Include="polygons\testpolygon2.txt">
      <Filter>Polygons</Filter>
    </None>
    <None Include="polygons\triangle1.txt">
      <Filter>Polygons</Filter>
    </None>
    <None Include="polygons\triangle2.txt">
      <Filter>Polygons</Filter>
    </None>
    <None Include="polygons\polygon7right.txt">
      <Filter>Polygons</Filter>
    </None>
  </ItemGroup>
  <ItemGroup>
    <Text Include="polygons\polygon7left.txt">
      <Filter>Polygons</Filter>
    </Text>
  </ItemGroup>
</Project>